
Microsoft Visual Studio Solution File, Format Version 12.00
# Visual Studio 14
VisualStudioVersion = 14.0.23107.0
MinimumVisualStudioVersion = 10.0.40219.1
Project("{FAE04EC0-301F-11D3-BF4B-00C04F79EFBC}") = "Peer-To-Peer Client", "Peer-To-Peer Client\Peer-To-Peer Client.csproj", "{A75441DE-B7A9-4C9E-B4C5-64AD6C9ED267}"
EndProject
Global
	GlobalSection(SolutionConfigurationPlatforms) = preSolution
		Debug|Any CPU = Debug|Any CPU
		Release|Any CPU = Release|Any CPU
	EndGlobalSection
	GlobalSection(ProjectConfigurationPlatforms) = postSolution
		{A75441DE-B7A9-4C9E-B4C5-64AD6C9ED267}.Debug|Any CPU.ActiveCfg = Debug|Any CPU
		{A75441DE-B7A9-4C9E-B4C5-64AD6C9ED267}.Debug|Any CPU.Build.0 = Debug|Any CPU
		{A75441DE-B7A9-4C9E-B4C5-64AD6C9ED267}.Release|Any CPU.ActiveCfg = Release|Any CPU
		{A75441DE-B7A9-4C9E-B4C5-64AD6C9ED267}.Release|Any CPU.Build.0 = Release|Any CPU
	EndGlobalSection
	GlobalSection(SolutionProperties) = preSolution
		HideSolutionNode = FALSE
	EndGlobalSection
EndGlobal
